// !$*UTF8*$!
{
	archiveVersion = 1;
	classes = {
	};
	objectVersion = 46;
	objects = {

/* Begin PBXBuildFile section */
		4CF9C47E629CA48B4E377813 /* Pods_Arc_Camera.framework in Frameworks */ = {isa = PBXBuildFile; fileRef = 49D56CD3CA5673FD3D29BDDE /* Pods_Arc_Camera.framework */; };
		D761E4DE1C9A28AB00083628 /* Assets.xcassets in Resources */ = {isa = PBXBuildFile; fileRef = D761E4DD1C9A28AB00083628 /* Assets.xcassets */; };
		D7A5EC7F1C8E66A30090F87F /* AppDelegate.swift in Sources */ = {isa = PBXBuildFile; fileRef = D7A5EC7E1C8E66A30090F87F /* AppDelegate.swift */; };
		D7A5EC811C8E66A30090F87F /* ViewController.swift in Sources */ = {isa = PBXBuildFile; fileRef = D7A5EC801C8E66A30090F87F /* ViewController.swift */; };
		D7A5EC841C8E66A30090F87F /* CameraView.storyboard in Resources */ = {isa = PBXBuildFile; fileRef = D7A5EC821C8E66A30090F87F /* CameraView.storyboard */; };
		D7A5EC891C8E66A30090F87F /* LaunchScreen.storyboard in Resources */ = {isa = PBXBuildFile; fileRef = D7A5EC871C8E66A30090F87F /* LaunchScreen.storyboard */; };
		D7A5EC941C8E66A30090F87F /* Arc_CameraTests.swift in Sources */ = {isa = PBXBuildFile; fileRef = D7A5EC931C8E66A30090F87F /* Arc_CameraTests.swift */; };
		D7A5EC9F1C8E66A30090F87F /* Arc_CameraUITests.swift in Sources */ = {isa = PBXBuildFile; fileRef = D7A5EC9E1C8E66A30090F87F /* Arc_CameraUITests.swift */; };
/* End PBXBuildFile section */

/* Begin PBXContainerItemProxy section */
		D7A5EC901C8E66A30090F87F /* PBXContainerItemProxy */ = {
			isa = PBXContainerItemProxy;
			containerPortal = D7A5EC731C8E66A30090F87F /* Project object */;
			proxyType = 1;
			remoteGlobalIDString = D7A5EC7A1C8E66A30090F87F;
			remoteInfo = "Arc Camera";
		};
		D7A5EC9B1C8E66A30090F87F /* PBXContainerItemProxy */ = {
			isa = PBXContainerItemProxy;
			containerPortal = D7A5EC731C8E66A30090F87F /* Project object */;
			proxyType = 1;
			remoteGlobalIDString = D7A5EC7A1C8E66A30090F87F;
			remoteInfo = "Arc Camera";
		};
/* End PBXContainerItemProxy section */

/* Begin PBXFileReference section */
		11A6E87D8B39654A4A455906 /* Pods-Arc Camera.debug.xcconfig */ = {isa = PBXFileReference; includeInIndex = 1; lastKnownFileType = text.xcconfig; name = "Pods-Arc Camera.debug.xcconfig"; path = "Pods/Target Support Files/Pods-Arc Camera/Pods-Arc Camera.debug.xcconfig"; sourceTree = "<group>"; };
		42F4A9275BA7983E95D60CEB /* Pods-Arc Camera.release.xcconfig */ = {isa = PBXFileReference; includeInIndex = 1; lastKnownFileType = text.xcconfig; name = "Pods-Arc Camera.release.xcconfig"; path = "Pods/Target Support Files/Pods-Arc Camera/Pods-Arc Camera.release.xcconfig"; sourceTree = "<group>"; };
		49D56CD3CA5673FD3D29BDDE /* Pods_Arc_Camera.framework */ = {isa = PBXFileReference; explicitFileType = wrapper.framework; includeInIndex = 0; path = Pods_Arc_Camera.framework; sourceTree = BUILT_PRODUCTS_DIR; };
		D761E4DD1C9A28AB00083628 /* Assets.xcassets */ = {isa = PBXFileReference; lastKnownFileType = folder.assetcatalog; path = Assets.xcassets; sourceTree = "<group>"; };
		D7A5EC7B1C8E66A30090F87F /* Arc Camera.app */ = {isa = PBXFileReference; explicitFileType = wrapper.application; includeInIndex = 0; path = "Arc Camera.app"; sourceTree = BUILT_PRODUCTS_DIR; };
		D7A5EC7E1C8E66A30090F87F /* AppDelegate.swift */ = {isa = PBXFileReference; lastKnownFileType = sourcecode.swift; path = AppDelegate.swift; sourceTree = "<group>"; };
		D7A5EC801C8E66A30090F87F /* ViewController.swift */ = {isa = PBXFileReference; lastKnownFileType = sourcecode.swift; path = ViewController.swift; sourceTree = "<group>"; };
		D7A5EC831C8E66A30090F87F /* Base */ = {isa = PBXFileReference; lastKnownFileType = file.storyboard; name = Base; path = Base.lproj/CameraView.storyboard; sourceTree = "<group>"; };
		D7A5EC881C8E66A30090F87F /* Base */ = {isa = PBXFileReference; lastKnownFileType = file.storyboard; name = Base; path = Base.lproj/LaunchScreen.storyboard; sourceTree = "<group>"; };
		D7A5EC8A1C8E66A30090F87F /* Info.plist */ = {isa = PBXFileReference; lastKnownFileType = text.plist.xml; path = Info.plist; sourceTree = "<group>"; };
		D7A5EC8F1C8E66A30090F87F /* Arc CameraTests.xctest */ = {isa = PBXFileReference; explicitFileType = wrapper.cfbundle; includeInIndex = 0; path = "Arc CameraTests.xctest"; sourceTree = BUILT_PRODUCTS_DIR; };
		D7A5EC931C8E66A30090F87F /* Arc_CameraTests.swift */ = {isa = PBXFileReference; lastKnownFileType = sourcecode.swift; path = Arc_CameraTests.swift; sourceTree = "<group>"; };
		D7A5EC951C8E66A30090F87F /* Info.plist */ = {isa = PBXFileReference; lastKnownFileType = text.plist.xml; path = Info.plist; sourceTree = "<group>"; };
		D7A5EC9A1C8E66A30090F87F /* Arc CameraUITests.xctest */ = {isa = PBXFileReference; explicitFileType = wrapper.cfbundle; includeInIndex = 0; path = "Arc CameraUITests.xctest"; sourceTree = BUILT_PRODUCTS_DIR; };
		D7A5EC9E1C8E66A30090F87F /* Arc_CameraUITests.swift */ = {isa = PBXFileReference; lastKnownFileType = sourcecode.swift; path = Arc_CameraUITests.swift; sourceTree = "<group>"; };
		D7A5ECA01C8E66A30090F87F /* Info.plist */ = {isa = PBXFileReference; lastKnownFileType = text.plist.xml; path = Info.plist; sourceTree = "<group>"; };
/* End PBXFileReference section */

/* Begin PBXFrameworksBuildPhase section */
		D7A5EC781C8E66A30090F87F /* Frameworks */ = {
			isa = PBXFrameworksBuildPhase;
			buildActionMask = 2147483647;
			files = (
				4CF9C47E629CA48B4E377813 /* Pods_Arc_Camera.framework in Frameworks */,
			);
			runOnlyForDeploymentPostprocessing = 0;
		};
		D7A5EC8C1C8E66A30090F87F /* Frameworks */ = {
			isa = PBXFrameworksBuildPhase;
			buildActionMask = 2147483647;
			files = (
			);
			runOnlyForDeploymentPostprocessing = 0;
		};
		D7A5EC971C8E66A30090F87F /* Frameworks */ = {
			isa = PBXFrameworksBuildPhase;
			buildActionMask = 2147483647;
			files = (
			);
			runOnlyForDeploymentPostprocessing = 0;
		};
/* End PBXFrameworksBuildPhase section */

/* Begin PBXGroup section */
		A0065F21FE0DC614E6B9F72B /* Pods */ = {
			isa = PBXGroup;
			children = (
				11A6E87D8B39654A4A455906 /* Pods-Arc Camera.debug.xcconfig */,
				42F4A9275BA7983E95D60CEB /* Pods-Arc Camera.release.xcconfig */,
			);
			name = Pods;
			sourceTree = "<group>";
		};
		AE3ED36DFC1FB7B36D6254D3 /* Frameworks */ = {
			isa = PBXGroup;
			children = (
				49D56CD3CA5673FD3D29BDDE /* Pods_Arc_Camera.framework */,
			);
			name = Frameworks;
			sourceTree = "<group>";
		};
		D7A5EC721C8E66A30090F87F = {
			isa = PBXGroup;
			children = (
				D7A5EC7D1C8E66A30090F87F /* Arc Camera */,
				D7A5EC921C8E66A30090F87F /* Arc CameraTests */,
				D7A5EC9D1C8E66A30090F87F /* Arc CameraUITests */,
				D7A5EC7C1C8E66A30090F87F /* Products */,
				A0065F21FE0DC614E6B9F72B /* Pods */,
				AE3ED36DFC1FB7B36D6254D3 /* Frameworks */,
			);
			sourceTree = "<group>";
		};
		D7A5EC7C1C8E66A30090F87F /* Products */ = {
			isa = PBXGroup;
			children = (
				D7A5EC7B1C8E66A30090F87F /* Arc Camera.app */,
				D7A5EC8F1C8E66A30090F87F /* Arc CameraTests.xctest */,
				D7A5EC9A1C8E66A30090F87F /* Arc CameraUITests.xctest */,
			);
			name = Products;
			sourceTree = "<group>";
		};
		D7A5EC7D1C8E66A30090F87F /* Arc Camera */ = {
			isa = PBXGroup;
			children = (
				D7A5EC7E1C8E66A30090F87F /* AppDelegate.swift */,
				D7A5EC801C8E66A30090F87F /* ViewController.swift */,
				D7A5EC821C8E66A30090F87F /* CameraView.storyboard */,
				D761E4DD1C9A28AB00083628 /* Assets.xcassets */,
				D7A5EC871C8E66A30090F87F /* LaunchScreen.storyboard */,
				D7A5EC8A1C8E66A30090F87F /* Info.plist */,
			);
			path = "Arc Camera";
			sourceTree = "<group>";
		};
		D7A5EC921C8E66A30090F87F /* Arc CameraTests */ = {
			isa = PBXGroup;
			children = (
				D7A5EC931C8E66A30090F87F /* Arc_CameraTests.swift */,
				D7A5EC951C8E66A30090F87F /* Info.plist */,
			);
			path = "Arc CameraTests";
			sourceTree = "<group>";
		};
		D7A5EC9D1C8E66A30090F87F /* Arc CameraUITests */ = {
			isa = PBXGroup;
			children = (
				D7A5EC9E1C8E66A30090F87F /* Arc_CameraUITests.swift */,
				D7A5ECA01C8E66A30090F87F /* Info.plist */,
			);
			path = "Arc CameraUITests";
			sourceTree = "<group>";
		};
/* End PBXGroup section */

/* Begin PBXNativeTarget section */
		D7A5EC7A1C8E66A30090F87F /* Arc Camera */ = {
			isa = PBXNativeTarget;
			buildConfigurationList = D7A5ECA31C8E66A30090F87F /* Build configuration list for PBXNativeTarget "Arc Camera" */;
			buildPhases = (
				99BA82F98D53F3C2A7F02E2B /* Check Pods Manifest.lock */,
				D7A5EC771C8E66A30090F87F /* Sources */,
				D7A5EC781C8E66A30090F87F /* Frameworks */,
				D7A5EC791C8E66A30090F87F /* Resources */,
				721DCF81036915EC2B7A265C /* Embed Pods Frameworks */,
				74DBC1DB52E9AF8CD7CDA24E /* Copy Pods Resources */,
			);
			buildRules = (
			);
			dependencies = (
			);
			name = "Arc Camera";
			productName = "Arc Camera";
			productReference = D7A5EC7B1C8E66A30090F87F /* Arc Camera.app */;
			productType = "com.apple.product-type.application";
		};
		D7A5EC8E1C8E66A30090F87F /* Arc CameraTests */ = {
			isa = PBXNativeTarget;
			buildConfigurationList = D7A5ECA61C8E66A30090F87F /* Build configuration list for PBXNativeTarget "Arc CameraTests" */;
			buildPhases = (
				D7A5EC8B1C8E66A30090F87F /* Sources */,
				D7A5EC8C1C8E66A30090F87F /* Frameworks */,
				D7A5EC8D1C8E66A30090F87F /* Resources */,
			);
			buildRules = (
			);
			dependencies = (
				D7A5EC911C8E66A30090F87F /* PBXTargetDependency */,
			);
			name = "Arc CameraTests";
			productName = "Arc CameraTests";
			productReference = D7A5EC8F1C8E66A30090F87F /* Arc CameraTests.xctest */;
			productType = "com.apple.product-type.bundle.unit-test";
		};
		D7A5EC991C8E66A30090F87F /* Arc CameraUITests */ = {
			isa = PBXNativeTarget;
			buildConfigurationList = D7A5ECA91C8E66A30090F87F /* Build configuration list for PBXNativeTarget "Arc CameraUITests" */;
			buildPhases = (
				D7A5EC961C8E66A30090F87F /* Sources */,
				D7A5EC971C8E66A30090F87F /* Frameworks */,
				D7A5EC981C8E66A30090F87F /* Resources */,
			);
			buildRules = (
			);
			dependencies = (
				D7A5EC9C1C8E66A30090F87F /* PBXTargetDependency */,
			);
			name = "Arc CameraUITests";
			productName = "Arc CameraUITests";
			productReference = D7A5EC9A1C8E66A30090F87F /* Arc CameraUITests.xctest */;
			productType = "com.apple.product-type.bundle.ui-testing";
		};
/* End PBXNativeTarget section */

/* Begin PBXProject section */
		D7A5EC731C8E66A30090F87F /* Project object */ = {
			isa = PBXProject;
			attributes = {
				LastSwiftUpdateCheck = 0720;
				LastUpgradeCheck = 0720;
				ORGANIZATIONNAME = "Vicki Tan";
				TargetAttributes = {
					D7A5EC7A1C8E66A30090F87F = {
						CreatedOnToolsVersion = 7.2.1;
						DevelopmentTeam = 45457F6CZK;
					};
					D7A5EC8E1C8E66A30090F87F = {
						CreatedOnToolsVersion = 7.2.1;
						DevelopmentTeam = 45457F6CZK;
						TestTargetID = D7A5EC7A1C8E66A30090F87F;
					};
					D7A5EC991C8E66A30090F87F = {
						CreatedOnToolsVersion = 7.2.1;
						DevelopmentTeam = 45457F6CZK;
						TestTargetID = D7A5EC7A1C8E66A30090F87F;
					};
				};
			};
			buildConfigurationList = D7A5EC761C8E66A30090F87F /* Build configuration list for PBXProject "Arc Camera" */;
			compatibilityVersion = "Xcode 3.2";
			developmentRegion = English;
			hasScannedForEncodings = 0;
			knownRegions = (
				en,
				Base,
			);
			mainGroup = D7A5EC721C8E66A30090F87F;
			productRefGroup = D7A5EC7C1C8E66A30090F87F /* Products */;
			projectDirPath = "";
			projectRoot = "";
			targets = (
				D7A5EC7A1C8E66A30090F87F /* Arc Camera */,
				D7A5EC8E1C8E66A30090F87F /* Arc CameraTests */,
				D7A5EC991C8E66A30090F87F /* Arc CameraUITests */,
			);
		};
/* End PBXProject section */

/* Begin PBXResourcesBuildPhase section */
		D7A5EC791C8E66A30090F87F /* Resources */ = {
			isa = PBXResourcesBuildPhase;
			buildActionMask = 2147483647;
			files = (
				D7A5EC891C8E66A30090F87F /* LaunchScreen.storyboard in Resources */,
				D761E4DE1C9A28AB00083628 /* Assets.xcassets in Resources */,
				D7A5EC841C8E66A30090F87F /* CameraView.storyboard in Resources */,
			);
			runOnlyForDeploymentPostprocessing = 0;
		};
		D7A5EC8D1C8E66A30090F87F /* Resources */ = {
			isa = PBXResourcesBuildPhase;
			buildActionMask = 2147483647;
			files = (
			);
			runOnlyForDeploymentPostprocessing = 0;
		};
		D7A5EC981C8E66A30090F87F /* Resources */ = {
			isa = PBXResourcesBuildPhase;
			buildActionMask = 2147483647;
			files = (
			);
			runOnlyForDeploymentPostprocessing = 0;
		};
/* End PBXResourcesBuildPhase section */

/* Begin PBXShellScriptBuildPhase section */
		721DCF81036915EC2B7A265C /* Embed Pods Frameworks */ = {
			isa = PBXShellScriptBuildPhase;
			buildActionMask = 2147483647;
			files = (
			);
			inputPaths = (
			);
			name = "Embed Pods Frameworks";
			outputPaths = (
			);
			runOnlyForDeploymentPostprocessing = 0;
			shellPath = /bin/sh;
			shellScript = "\"${SRCROOT}/Pods/Target Support Files/Pods-Arc Camera/Pods-Arc Camera-frameworks.sh\"\n";
			showEnvVarsInLog = 0;
		};
		74DBC1DB52E9AF8CD7CDA24E /* Copy Pods Resources */ = {
			isa = PBXShellScriptBuildPhase;
			buildActionMask = 2147483647;
			files = (
			);
			inputPaths = (
			);
			name = "Copy Pods Resources";
			outputPaths = (
			);
			runOnlyForDeploymentPostprocessing = 0;
			shellPath = /bin/sh;
			shellScript = "\"${SRCROOT}/Pods/Target Support Files/Pods-Arc Camera/Pods-Arc Camera-resources.sh\"\n";
			showEnvVarsInLog = 0;
		};
		99BA82F98D53F3C2A7F02E2B /* Check Pods Manifest.lock */ = {
			isa = PBXShellScriptBuildPhase;
			buildActionMask = 2147483647;
			files = (
			);
			inputPaths = (
			);
			name = "Check Pods Manifest.lock";
			outputPaths = (
			);
			runOnlyForDeploymentPostprocessing = 0;
			shellPath = /bin/sh;
			shellScript = "diff \"${PODS_ROOT}/../Podfile.lock\" \"${PODS_ROOT}/Manifest.lock\" > /dev/null\nif [[ $? != 0 ]] ; then\n    cat << EOM\nerror: The sandbox is not in sync with the Podfile.lock. Run 'pod install' or update your CocoaPods installation.\nEOM\n    exit 1\nfi\n";
			showEnvVarsInLog = 0;
		};
/* End PBXShellScriptBuildPhase section */

/* Begin PBXSourcesBuildPhase section */
		D7A5EC771C8E66A30090F87F /* Sources */ = {
			isa = PBXSourcesBuildPhase;
			buildActionMask = 2147483647;
			files = (
				D7A5EC811C8E66A30090F87F /* ViewController.swift in Sources */,
				D7A5EC7F1C8E66A30090F87F /* AppDelegate.swift in Sources */,
			);
			runOnlyForDeploymentPostprocessing = 0;
		};
		D7A5EC8B1C8E66A30090F87F /* Sources */ = {
			isa = PBXSourcesBuildPhase;
			buildActionMask = 2147483647;
			files = (
				D7A5EC941C8E66A30090F87F /* Arc_CameraTests.swift in Sources */,
			);
			runOnlyForDeploymentPostprocessing = 0;
		};
		D7A5EC961C8E66A30090F87F /* Sources */ = {
			isa = PBXSourcesBuildPhase;
			buildActionMask = 2147483647;
			files = (
				D7A5EC9F1C8E66A30090F87F /* Arc_CameraUITests.swift in Sources */,
			);
			runOnlyForDeploymentPostprocessing = 0;
		};
/* End PBXSourcesBuildPhase section */

/* Begin PBXTargetDependency section */
		D7A5EC911C8E66A30090F87F /* PBXTargetDependency */ = {
			isa = PBXTargetDependency;
			target = D7A5EC7A1C8E66A30090F87F /* Arc Camera */;
			targetProxy = D7A5EC901C8E66A30090F87F /* PBXContainerItemProxy */;
		};
		D7A5EC9C1C8E66A30090F87F /* PBXTargetDependency */ = {
			isa = PBXTargetDependency;
			target = D7A5EC7A1C8E66A30090F87F /* Arc Camera */;
			targetProxy = D7A5EC9B1C8E66A30090F87F /* PBXContainerItemProxy */;
		};
/* End PBXTargetDependency section */

/* Begin PBXVariantGroup section */
		D7A5EC821C8E66A30090F87F /* CameraView.storyboard */ = {
			isa = PBXVariantGroup;
			children = (
				D7A5EC831C8E66A30090F87F /* Base */,
			);
			name = CameraView.storyboard;
			sourceTree = "<group>";
		};
		D7A5EC871C8E66A30090F87F /* LaunchScreen.storyboard */ = {
			isa = PBXVariantGroup;
			children = (
				D7A5EC881C8E66A30090F87F /* Base */,
			);
			name = LaunchScreen.storyboard;
			sourceTree = "<group>";
		};
/* End PBXVariantGroup section */

/* Begin XCBuildConfiguration section */
		D7A5ECA11C8E66A30090F87F /* Debug */ = {
			isa = XCBuildConfiguration;
			buildSettings = {
				ALWAYS_SEARCH_USER_PATHS = NO;
				CLANG_CXX_LANGUAGE_STANDARD = "gnu++0x";
				CLANG_CXX_LIBRARY = "libc++";
				CLANG_ENABLE_MODULES = YES;
				CLANG_ENABLE_OBJC_ARC = YES;
				CLANG_WARN_BOOL_CONVERSION = YES;
				CLANG_WARN_CONSTANT_CONVERSION = YES;
				CLANG_WARN_DIRECT_OBJC_ISA_USAGE = YES_ERROR;
				CLANG_WARN_EMPTY_BODY = YES;
				CLANG_WARN_ENUM_CONVERSION = YES;
				CLANG_WARN_INT_CONVERSION = YES;
				CLANG_WARN_OBJC_ROOT_CLASS = YES_ERROR;
				CLANG_WARN_UNREACHABLE_CODE = YES;
				CLANG_WARN__DUPLICATE_METHOD_MATCH = YES;
				"CODE_SIGN_IDENTITY[sdk=iphoneos*]" = "iPhone Developer";
				COPY_PHASE_STRIP = NO;
				DEBUG_INFORMATION_FORMAT = dwarf;
				ENABLE_STRICT_OBJC_MSGSEND = YES;
				ENABLE_TESTABILITY = YES;
				GCC_C_LANGUAGE_STANDARD = gnu99;
				GCC_DYNAMIC_NO_PIC = NO;
				GCC_NO_COMMON_BLOCKS = YES;
				GCC_OPTIMIZATION_LEVEL = 0;
				GCC_PREPROCESSOR_DEFINITIONS = (
					"DEBUG=1",
					"$(inherited)",
				);
				GCC_WARN_64_TO_32_BIT_CONVERSION = YES;
				GCC_WARN_ABOUT_RETURN_TYPE = YES_ERROR;
				GCC_WARN_UNDECLARED_SELECTOR = YES;
				GCC_WARN_UNINITIALIZED_AUTOS = YES_AGGRESSIVE;
				GCC_WARN_UNUSED_FUNCTION = YES;
				GCC_WARN_UNUSED_VARIABLE = YES;
				IPHONEOS_DEPLOYMENT_TARGET = 9.2;
				MTL_ENABLE_DEBUG_INFO = YES;
				ONLY_ACTIVE_ARCH = YES;
				SDKROOT = iphoneos;
				SWIFT_OPTIMIZATION_LEVEL = "-Onone";
			};
			name = Debug;
		};
		D7A5ECA21C8E66A30090F87F /* Release */ = {
			isa = XCBuildConfiguration;
			buildSettings = {
				ALWAYS_SEARCH_USER_PATHS = NO;
				CLANG_CXX_LANGUAGE_STANDARD = "gnu++0x";
				CLANG_CXX_LIBRARY = "libc++";
				CLANG_ENABLE_MODULES = YES;
				CLANG_ENABLE_OBJC_ARC = YES;
				CLANG_WARN_BOOL_CONVERSION = YES;
				CLANG_WARN_CONSTANT_CONVERSION = YES;
				CLANG_WARN_DIRECT_OBJC_ISA_USAGE = YES_ERROR;
				CLANG_WARN_EMPTY_BODY = YES;
				CLANG_WARN_ENUM_CONVERSION = YES;
				CLANG_WARN_INT_CONVERSION = YES;
				CLANG_WARN_OBJC_ROOT_CLASS = YES_ERROR;
				CLANG_WARN_UNREACHABLE_CODE = YES;
				CLANG_WARN__DUPLICATE_METHOD_MATCH = YES;
				"CODE_SIGN_IDENTITY[sdk=iphoneos*]" = "iPhone Developer";
				COPY_PHASE_STRIP = NO;
				DEBUG_INFORMATION_FORMAT = "dwarf-with-dsym";
				ENABLE_NS_ASSERTIONS = NO;
				ENABLE_STRICT_OBJC_MSGSEND = YES;
				GCC_C_LANGUAGE_STANDARD = gnu99;
				GCC_NO_COMMON_BLOCKS = YES;
				GCC_WARN_64_TO_32_BIT_CONVERSION = YES;
				GCC_WARN_ABOUT_RETURN_TYPE = YES_ERROR;
				GCC_WARN_UNDECLARED_SELECTOR = YES;
				GCC_WARN_UNINITIALIZED_AUTOS = YES_AGGRESSIVE;
				GCC_WARN_UNUSED_FUNCTION = YES;
				GCC_WARN_UNUSED_VARIABLE = YES;
				IPHONEOS_DEPLOYMENT_TARGET = 9.2;
				MTL_ENABLE_DEBUG_INFO = NO;
				SDKROOT = iphoneos;
				VALIDATE_PRODUCT = YES;
			};
			name = Release;
		};
		D7A5ECA41C8E66A30090F87F /* Debug */ = {
			isa = XCBuildConfiguration;
			baseConfigurationReference = 11A6E87D8B39654A4A455906 /* Pods-Arc Camera.debug.xcconfig */;
			buildSettings = {
				ASSETCATALOG_COMPILER_APPICON_NAME = AppIcon;
				INFOPLIST_FILE = "Arc Camera/Info.plist";
				LD_RUNPATH_SEARCH_PATHS = "$(inherited) @executable_path/Frameworks";
				PRODUCT_BUNDLE_IDENTIFIER = "vicki.Arc-Camera";
				PRODUCT_NAME = "$(TARGET_NAME)";
			};
			name = Debug;
		};
		D7A5ECA51C8E66A30090F87F /* Release */ = {
			isa = XCBuildConfiguration;
			baseConfigurationReference = 42F4A9275BA7983E95D60CEB /* Pods-Arc Camera.release.xcconfig */;
			buildSettings = {
				ASSETCATALOG_COMPILER_APPICON_NAME = AppIcon;
				INFOPLIST_FILE = "Arc Camera/Info.plist";
				LD_RUNPATH_SEARCH_PATHS = "$(inherited) @executable_path/Frameworks";
				PRODUCT_BUNDLE_IDENTIFIER = "vicki.Arc-Camera";
				PRODUCT_NAME = "$(TARGET_NAME)";
			};
			name = Release;
		};
		D7A5ECA71C8E66A30090F87F /* Debug */ = {
			isa = XCBuildConfiguration;
			buildSettings = {
				BUNDLE_LOADER = "$(TEST_HOST)";
				INFOPLIST_FILE = "Arc CameraTests/Info.plist";
				LD_RUNPATH_SEARCH_PATHS = "$(inherited) @executable_path/Frameworks @loader_path/Frameworks";
				PRODUCT_BUNDLE_IDENTIFIER = "vicki.Arc-CameraTests";
				PRODUCT_NAME = "$(TARGET_NAME)";
				TEST_HOST = "$(BUILT_PRODUCTS_DIR)/Arc Camera.app/Arc Camera";
			};
			name = Debug;
		};
		D7A5ECA81C8E66A30090F87F /* Release */ = {
			isa = XCBuildConfiguration;
			buildSettings = {
				BUNDLE_LOADER = "$(TEST_HOST)";
				INFOPLIST_FILE = "Arc CameraTests/Info.plist";
				LD_RUNPATH_SEARCH_PATHS = "$(inherited) @executable_path/Frameworks @loader_path/Frameworks";
				PRODUCT_BUNDLE_IDENTIFIER = "vicki.Arc-CameraTests";
				PRODUCT_NAME = "$(TARGET_NAME)";
				TEST_HOST = "$(BUILT_PRODUCTS_DIR)/Arc Camera.app/Arc Camera";
			};
			name = Release;
		};
		D7A5ECAA1C8E66A30090F87F /* Debug */ = {
			isa = XCBuildConfiguration;
			buildSettings = {
				INFOPLIST_FILE = "Arc CameraUITests/Info.plist";
				LD_RUNPATH_SEARCH_PATHS = "$(inherited) @executable_path/Frameworks @loader_path/Frameworks";
				PRODUCT_BUNDLE_IDENTIFIER = "vicki.Arc-CameraUITests";
				PRODUCT_NAME = "$(TARGET_NAME)";
				TEST_TARGET_NAME = "Arc Camera";
				USES_XCTRUNNER = YES;
			};
			name = Debug;
		};
		D7A5ECAB1C8E66A30090F87F /* Release */ = {
			isa = XCBuildConfiguration;
			buildSettings = {
				INFOPLIST_FILE = "Arc CameraUITests/Info.plist";
				LD_RUNPATH_SEARCH_PATHS = "$(inherited) @executable_path/Frameworks @loader_path/Frameworks";
				PRODUCT_BUNDLE_IDENTIFIER = "vicki.Arc-CameraUITests";
				PRODUCT_NAME = "$(TARGET_NAME)";
				TEST_TARGET_NAME = "Arc Camera";
				USES_XCTRUNNER = YES;
			};
			name = Release;
		};
/* End XCBuildConfiguration section */

/* Begin XCConfigurationList section */
		D7A5EC761C8E66A30090F87F /* Build configuration list for PBXProject "Arc Camera" */ = {
			isa = XCConfigurationList;
			buildConfigurations = (
				D7A5ECA11C8E66A30090F87F /* Debug */,
				D7A5ECA21C8E66A30090F87F /* Release */,
			);
			defaultConfigurationIsVisible = 0;
			defaultConfigurationName = Release;
		};
		D7A5ECA31C8E66A30090F87F /* Build configuration list for PBXNativeTarget "Arc Camera" */ = {
			isa = XCConfigurationList;
			buildConfigurations = (
				D7A5ECA41C8E66A30090F87F /* Debug */,
				D7A5ECA51C8E66A30090F87F /* Release */,
			);
			defaultConfigurationIsVisible = 0;
			defaultConfigurationName = Release;
		};
		D7A5ECA61C8E66A30090F87F /* Build configuration list for PBXNativeTarget "Arc CameraTests" */ = {
			isa = XCConfigurationList;
			buildConfigurations = (
				D7A5ECA71C8E66A30090F87F /* Debug */,
				D7A5ECA81C8E66A30090F87F /* Release */,
			);
			defaultConfigurationIsVisible = 0;
			defaultConfigurationName = Release;
		};
		D7A5ECA91C8E66A30090F87F /* Build configuration list for PBXNativeTarget "Arc CameraUITests" */ = {
			isa = XCConfigurationList;
			buildConfigurations = (
				D7A5ECAA1C8E66A30090F87F /* Debug */,
				D7A5ECAB1C8E66A30090F87F /* Release */,
			);
			defaultConfigurationIsVisible = 0;
			defaultConfigurationName = Release;
		};
/* End XCConfigurationList section */
	};
	rootObject = D7A5EC731C8E66A30090F87F /* Project object */;
}
